{
    "_readme": [
        "This file locks the dependencies of your project to a known state",
        "Read more about it at https://getcomposer.org/doc/01-basic-usage.md#installing-dependencies",
        "This file is @generated automatically"
    ],
    "content-hash": "149e70c60699a486b37306509a9a3d99",
    "packages": [
        {
            "name": "composer/installers",
            "version": "v1.12.0",
            "source": {
                "type": "git",
                "url": "https://github.com/composer/installers.git",
                "reference": "d20a64ed3c94748397ff5973488761b22f6d3f19"
            },
            "dist": {
                "type": "zip",
                "url": "https://api.github.com/repos/composer/installers/zipball/d20a64ed3c94748397ff5973488761b22f6d3f19",
                "reference": "d20a64ed3c94748397ff5973488761b22f6d3f19",
                "shasum": ""
            },
            "require": {
                "composer-plugin-api": "^1.0 || ^2.0"
            },
            "replace": {
                "roundcube/plugin-installer": "*",
                "shama/baton": "*"
            },
            "require-dev": {
                "composer/composer": "1.6.* || ^2.0",
                "composer/semver": "^1 || ^3",
                "phpstan/phpstan": "^0.12.55",
                "phpstan/phpstan-phpunit": "^0.12.16",
                "symfony/phpunit-bridge": "^4.2 || ^5",
                "symfony/process": "^2.3"
            },
            "type": "composer-plugin",
            "extra": {
                "class": "Composer\\Installers\\Plugin",
                "branch-alias": {
                    "dev-main": "1.x-dev"
                }
            },
            "autoload": {
                "psr-4": {
                    "Composer\\Installers\\": "src/Composer/Installers"
                }
            },
            "notification-url": "https://packagist.org/downloads/",
            "license": [
                "MIT"
            ],
            "authors": [
                {
                    "name": "Kyle Robinson Young",
                    "email": "kyle@dontkry.com",
                    "homepage": "https://github.com/shama"
                }
            ],
            "description": "A multi-framework Composer library installer",
            "homepage": "https://composer.github.io/installers/",
            "keywords": [
                "Craft",
                "Dolibarr",
                "Eliasis",
                "Hurad",
                "ImageCMS",
                "Kanboard",
                "Lan Management System",
                "MODX Evo",
                "MantisBT",
                "Mautic",
                "Maya",
                "OXID",
                "Plentymarkets",
                "Porto",
                "RadPHP",
                "SMF",
                "Starbug",
                "Thelia",
                "Whmcs",
                "WolfCMS",
                "agl",
                "aimeos",
                "annotatecms",
                "attogram",
                "bitrix",
                "cakephp",
                "chef",
                "cockpit",
                "codeigniter",
                "concrete5",
                "croogo",
                "dokuwiki",
                "drupal",
                "eZ Platform",
                "elgg",
                "expressionengine",
                "fuelphp",
                "grav",
                "installer",
                "itop",
                "joomla",
                "known",
                "kohana",
                "laravel",
                "lavalite",
                "lithium",
                "magento",
                "majima",
                "mako",
                "mediawiki",
                "miaoxing",
                "modulework",
                "modx",
                "moodle",
                "osclass",
                "pantheon",
                "phpbb",
                "piwik",
                "ppi",
                "processwire",
                "puppet",
                "pxcms",
                "reindex",
                "roundcube",
                "shopware",
                "silverstripe",
                "sydes",
                "sylius",
                "symfony",
                "tastyigniter",
                "typo3",
                "wordpress",
                "yawik",
                "zend",
                "zikula"
            ],
            "support": {
                "issues": "https://github.com/composer/installers/issues",
                "source": "https://github.com/composer/installers/tree/v1.12.0"
            },
            "funding": [
                {
                    "url": "https://packagist.com",
                    "type": "custom"
                },
                {
                    "url": "https://github.com/composer",
                    "type": "github"
                },
                {
                    "url": "https://tidelift.com/funding/github/packagist/composer/composer",
                    "type": "tidelift"
                }
            ],
            "time": "2021-09-13T08:19:44+00:00"
        },
        {
            "name": "landslidecreative/advanced-custom-fields-pro",
            "version": "5.12.2",
            "source": {
                "type": "git",
                "url": "git@github.com:jsjenkins/advanced-custom-fields-pro.git",
                "reference": "17a551f59089ad071e3493ac855e0d11927f2524"
            },
            "dist": {
                "type": "zip",
                "url": "https://api.github.com/repos/jsjenkins/advanced-custom-fields-pro/zipball/17a551f59089ad071e3493ac855e0d11927f2524",
                "reference": "17a551f59089ad071e3493ac855e0d11927f2524",
                "shasum": ""
            },
            "require": {
                "composer/installers": "^1.5.0"
            },
            "type": "wordpress-plugin",
            "support": {
                "source": "https://github.com/jsjenkins/advanced-custom-fields-pro/tree/5.12.2",
                "issues": "https://github.com/jsjenkins/advanced-custom-fields-pro/issues"
            },
            "time": "2022-04-06T20:01:24+00:00"
        },
        {
            "name": "landslidecreative/gravityforms",
            "version": "2.5.16",
            "source": {
                "type": "git",
                "url": "git@github.com:jsjenkins/gravityforms.git",
                "reference": "4d16beb1b3facacfbd3676689d052e85e810562b"
            },
            "dist": {
                "type": "zip",
                "url": "https://api.github.com/repos/jsjenkins/gravityforms/zipball/4d16beb1b3facacfbd3676689d052e85e810562b",
                "reference": "4d16beb1b3facacfbd3676689d052e85e810562b",
                "shasum": ""
            },
            "require": {
                "composer/installers": "^1.5.0"
            },
            "type": "wordpress-plugin",
            "support": {
                "source": "https://github.com/jsjenkins/gravityforms/tree/2.5.16",
                "issues": "https://github.com/jsjenkins/gravityforms/issues"
            },
            "time": "2022-01-24T21:52:01+00:00"
        },
        {
            "name": "landslidecreative/wp-migrate-db-pro",
            "version": "2.3.2",
            "source": {
                "type": "git",
                "url": "git@github.com:jsjenkins/wp-migrate-db-pro.git",
                "reference": "799eaf8284c26f89af5d6d5bb1d5619e522e71b8"
            },
            "dist": {
                "type": "zip",
                "url": "https://api.github.com/repos/jsjenkins/wp-migrate-db-pro/zipball/799eaf8284c26f89af5d6d5bb1d5619e522e71b8",
                "reference": "799eaf8284c26f89af5d6d5bb1d5619e522e71b8",
                "shasum": ""
            },
            "require": {
                "composer/installers": "^1.5.0"
            },
            "type": "wordpress-plugin",
            "support": {
                "source": "https://github.com/jsjenkins/wp-migrate-db-pro/tree/2.3.2",
                "issues": "https://github.com/jsjenkins/wp-migrate-db-pro/issues"
            },
            "time": "2022-04-13T16:31:59+00:00"
        },
        {
            "name": "landslidecreative/wp-rocket",
            "version": "3.10.8",
            "source": {
                "type": "git",
                "url": "git@github.com:jsjenkins/wp-rocket.git",
                "reference": "4e4cac93113e986b1ac624716c70dd285a0bc273"
            },
            "dist": {
                "type": "zip",
                "url": "https://api.github.com/repos/jsjenkins/wp-rocket/zipball/4e4cac93113e986b1ac624716c70dd285a0bc273",
                "reference": "4e4cac93113e986b1ac624716c70dd285a0bc273",
                "shasum": ""
            },
            "require": {
                "composer/installers": "^1.5.0"
            },
            "type": "wordpress-plugin",
            "support": {
                "source": "https://github.com/jsjenkins/wp-rocket/tree/3.10.8",
                "issues": "https://github.com/jsjenkins/wp-rocket/issues"
            },
            "time": "2022-02-19T21:40:33+00:00"
        },
        {
            "name": "wpackagist-plugin/akismet",
            "version": "4.2.2",
            "source": {
                "type": "svn",
                "url": "https://plugins.svn.wordpress.org/akismet/",
                "reference": "tags/4.2.2"
            },
            "dist": {
                "type": "zip",
                "url": "https://downloads.wordpress.org/plugin/akismet.4.2.2.zip"
            },
            "require": {
                "composer/installers": "^1.0 || ^2.0"
            },
            "type": "wordpress-plugin",
            "homepage": "https://wordpress.org/plugins/akismet/"
        },
        {
            "name": "wpackagist-plugin/classic-editor",
            "version": "1.6.2",
            "source": {
                "type": "svn",
                "url": "https://plugins.svn.wordpress.org/classic-editor/",
                "reference": "tags/1.6.2"
            },
            "dist": {
                "type": "zip",
                "url": "https://downloads.wordpress.org/plugin/classic-editor.1.6.2.zip"
            },
            "require": {
                "composer/installers": "^1.0 || ^2.0"
            },
            "type": "wordpress-plugin",
            "homepage": "https://wordpress.org/plugins/classic-editor/"
        },
        {
            "name": "wpackagist-plugin/featured-images-for-rss-feeds",
            "version": "1.5.9",
            "source": {
                "type": "svn",
                "url": "https://plugins.svn.wordpress.org/featured-images-for-rss-feeds/",
                "reference": "trunk"
            },
            "dist": {
                "type": "zip",
                "url": "https://downloads.wordpress.org/plugin/featured-images-for-rss-feeds.zip?timestamp=1645670365"
            },
            "require": {
                "composer/installers": "^1.0 || ^2.0"
            },
            "type": "wordpress-plugin",
            "homepage": "https://wordpress.org/plugins/featured-images-for-rss-feeds/"
        },
        {
            "name": "wpackagist-plugin/googleanalytics",
            "version": "2.5.4",
            "source": {
                "type": "svn",
                "url": "https://plugins.svn.wordpress.org/googleanalytics/",
                "reference": "tags/2.5.4"
            },
            "dist": {
                "type": "zip",
                "url": "https://downloads.wordpress.org/plugin/googleanalytics.2.5.4.zip"
            },
            "require": {
                "composer/installers": "^1.0 || ^2.0"
            },
            "type": "wordpress-plugin",
            "homepage": "https://wordpress.org/plugins/googleanalytics/"
        },
        {
            "name": "wpackagist-plugin/imagify",
            "version": "1.10",
            "source": {
                "type": "svn",
                "url": "https://plugins.svn.wordpress.org/imagify/",
                "reference": "tags/1.10"
            },
            "dist": {
                "type": "zip",
                "url": "https://downloads.wordpress.org/plugin/imagify.1.10.zip"
            },
            "require": {
                "composer/installers": "^1.0 || ^2.0"
            },
            "type": "wordpress-plugin",
            "homepage": "https://wordpress.org/plugins/imagify/"
        },
        {
            "name": "wpackagist-plugin/intuitive-custom-post-order",
            "version": "3.1.3",
            "source": {
                "type": "svn",
                "url": "https://plugins.svn.wordpress.org/intuitive-custom-post-order/",
                "reference": "tags/3.1.3"
            },
            "dist": {
                "type": "zip",
                "url": "https://downloads.wordpress.org/plugin/intuitive-custom-post-order.3.1.3.zip"
            },
            "require": {
                "composer/installers": "^1.0 || ^2.0"
            },
            "type": "wordpress-plugin",
            "homepage": "https://wordpress.org/plugins/intuitive-custom-post-order/"
        },
        {
            "name": "wpackagist-plugin/jetpack",
            "version": "10.8",
            "source": {
                "type": "svn",
                "url": "https://plugins.svn.wordpress.org/jetpack/",
                "reference": "tags/10.8"
            },
            "dist": {
                "type": "zip",
                "url": "https://downloads.wordpress.org/plugin/jetpack.10.8.zip"
            },
            "require": {
                "composer/installers": "^1.0 || ^2.0"
            },
            "type": "wordpress-plugin",
            "homepage": "https://wordpress.org/plugins/jetpack/"
        },
        {
            "name": "wpackagist-plugin/safe-redirect-manager",
            "version": "1.10.1",
            "source": {
                "type": "svn",
                "url": "https://plugins.svn.wordpress.org/safe-redirect-manager/",
                "reference": "tags/1.10.1"
            },
            "dist": {
                "type": "zip",
                "url": "https://downloads.wordpress.org/plugin/safe-redirect-manager.1.10.1.zip"
            },
            "require": {
                "composer/installers": "^1.0 || ^2.0"
            },
            "type": "wordpress-plugin",
            "homepage": "https://wordpress.org/plugins/safe-redirect-manager/"
        },
        {
            "name": "wpackagist-plugin/svg-support",
            "version": "2.4.2",
            "source": {
                "type": "svn",
                "url": "https://plugins.svn.wordpress.org/svg-support/",
                "reference": "tags/2.4.2"
            },
            "dist": {
                "type": "zip",
                "url": "https://downloads.wordpress.org/plugin/svg-support.2.4.2.zip"
            },
            "require": {
                "composer/installers": "^1.0 || ^2.0"
            },
            "type": "wordpress-plugin",
            "homepage": "https://wordpress.org/plugins/svg-support/"
        },
        {
            "name": "wpackagist-plugin/wordfence",
            "version": "7.5.9",
            "source": {
                "type": "svn",
                "url": "https://plugins.svn.wordpress.org/wordfence/",
                "reference": "tags/7.5.9"
            },
            "dist": {
                "type": "zip",
                "url": "https://downloads.wordpress.org/plugin/wordfence.7.5.9.zip"
            },
            "require": {
                "composer/installers": "^1.0 || ^2.0"
            },
            "type": "wordpress-plugin",
            "homepage": "https://wordpress.org/plugins/wordfence/"
        },
        {
            "name": "wpackagist-plugin/wordpress-seo",
            "version": "18.6",
            "source": {
                "type": "svn",
                "url": "https://plugins.svn.wordpress.org/wordpress-seo/",
                "reference": "tags/18.6"
            },
            "dist": {
                "type": "zip",
                "url": "https://downloads.wordpress.org/plugin/wordpress-seo.18.6.zip"
            },
            "require": {
                "composer/installers": "^1.0 || ^2.0"
            },
            "type": "wordpress-plugin",
            "homepage": "https://wordpress.org/plugins/wordpress-seo/"
        }
    ],
    "packages-dev": [],
    "aliases": [],
    "minimum-stability": "dev",
    "stability-flags": [],
    "prefer-stable": true,
    "prefer-lowest": false,
    "platform": [],
    "platform-dev": [],
    "plugin-api-version": "2.3.0"
}
